
Microsoft Visual Studio Solution File, Format Version 12.00
# Visual Studio 15
Project("{FAE04EC0-301F-11D3-BF4B-00C04F79EFBC}") = "Assembly-CSharp", "Assembly-CSharp.csproj", "{DC033E01-9080-554A-953A-858E0FF6BFFA}"
EndProject
Project("{FAE04EC0-301F-11D3-BF4B-00C04F79EFBC}") = "Assembly-CSharp-Editor", "Assembly-CSharp-Editor.csproj", "{B8EA1737-97BB-BD1D-4674-439BF3A13CFE}"
EndProject
Global
	GlobalSection(SolutionConfigurationPlatforms) = preSolution
		Debug|Any CPU = Debug|Any CPU
		Release|Any CPU = Release|Any CPU
	EndGlobalSection
	GlobalSection(ProjectConfigurationPlatforms) = postSolution
		{DC033E01-9080-554A-953A-858E0FF6BFFA}.Debug|Any CPU.ActiveCfg = Debug|Any CPU
		{DC033E01-9080-554A-953A-858E0FF6BFFA}.Debug|Any CPU.Build.0 = Debug|Any CPU
		{DC033E01-9080-554A-953A-858E0FF6BFFA}.Release|Any CPU.ActiveCfg = Release|Any CPU
		{DC033E01-9080-554A-953A-858E0FF6BFFA}.Release|Any CPU.Build.0 = Release|Any CPU
		{B8EA1737-97BB-BD1D-4674-439BF3A13CFE}.Debug|Any CPU.ActiveCfg = Debug|Any CPU
		{B8EA1737-97BB-BD1D-4674-439BF3A13CFE}.Debug|Any CPU.Build.0 = Debug|Any CPU
		{B8EA1737-97BB-BD1D-4674-439BF3A13CFE}.Release|Any CPU.ActiveCfg = Release|Any CPU
		{B8EA1737-97BB-BD1D-4674-439BF3A13CFE}.Release|Any CPU.Build.0 = Release|Any CPU
	EndGlobalSection
	GlobalSection(SolutionProperties) = preSolution
		HideSolutionNode = FALSE
	EndGlobalSection
EndGlobal
