
Microsoft Visual Studio Solution File, Format Version 12.00
# Visual Studio 15
Project("{FAE04EC0-301F-11D3-BF4B-00C04F79EFBC}") = "Assembly-CSharp", "Assembly-CSharp.csproj", "{47BEA576-ABFB-DA6C-E0E4-F270931CACA2}"
EndProject
Project("{FAE04EC0-301F-11D3-BF4B-00C04F79EFBC}") = "Assembly-CSharp-Editor", "Assembly-CSharp-Editor.csproj", "{C76592B0-8621-3D45-930C-18BE3C81CB1D}"
EndProject
Global
	GlobalSection(SolutionConfigurationPlatforms) = preSolution
		Debug|Any CPU = Debug|Any CPU
		Release|Any CPU = Release|Any CPU
	EndGlobalSection
	GlobalSection(ProjectConfigurationPlatforms) = postSolution
		{47BEA576-ABFB-DA6C-E0E4-F270931CACA2}.Debug|Any CPU.ActiveCfg = Debug|Any CPU
		{47BEA576-ABFB-DA6C-E0E4-F270931CACA2}.Debug|Any CPU.Build.0 = Debug|Any CPU
		{47BEA576-ABFB-DA6C-E0E4-F270931CACA2}.Release|Any CPU.ActiveCfg = Release|Any CPU
		{47BEA576-ABFB-DA6C-E0E4-F270931CACA2}.Release|Any CPU.Build.0 = Release|Any CPU
		{C76592B0-8621-3D45-930C-18BE3C81CB1D}.Debug|Any CPU.ActiveCfg = Debug|Any CPU
		{C76592B0-8621-3D45-930C-18BE3C81CB1D}.Debug|Any CPU.Build.0 = Debug|Any CPU
		{C76592B0-8621-3D45-930C-18BE3C81CB1D}.Release|Any CPU.ActiveCfg = Release|Any CPU
		{C76592B0-8621-3D45-930C-18BE3C81CB1D}.Release|Any CPU.Build.0 = Release|Any CPU
	EndGlobalSection
	GlobalSection(SolutionProperties) = preSolution
		HideSolutionNode = FALSE
	EndGlobalSection
EndGlobal
